// !$*UTF8*$!
{
	archiveVersion = 1;
	classes = {
	};
	objectVersion = 50;
	objects = {

/* Begin PBXBuildFile section */
		8AAD0F03503D25E7E150956B /* libPods-JenkinsDemo.a in Frameworks */ = {isa = PBXBuildFile; fileRef = EBCC0BE0668C58D8BFCF74B1 /* libPods-JenkinsDemo.a */; };
		F78143DE21E726BC000F809D /* AppDelegate.m in Sources */ = {isa = PBXBuildFile; fileRef = F78143DD21E726BC000F809D /* AppDelegate.m */; };
		F78143E121E726BC000F809D /* ViewController.m in Sources */ = {isa = PBXBuildFile; fileRef = F78143E021E726BC000F809D /* ViewController.m */; };
		F78143E421E726BC000F809D /* Main.storyboard in Resources */ = {isa = PBXBuildFile; fileRef = F78143E221E726BC000F809D /* Main.storyboard */; };
		F78143E621E726BD000F809D /* Assets.xcassets in Resources */ = {isa = PBXBuildFile; fileRef = F78143E521E726BD000F809D /* Assets.xcassets */; };
		F78143E921E726BD000F809D /* LaunchScreen.storyboard in Resources */ = {isa = PBXBuildFile; fileRef = F78143E721E726BD000F809D /* LaunchScreen.storyboard */; };
		F78143EC21E726BD000F809D /* main.m in Sources */ = {isa = PBXBuildFile; fileRef = F78143EB21E726BD000F809D /* main.m */; };
		F78143F621E726BD000F809D /* JenkinsDemoTests.m in Sources */ = {isa = PBXBuildFile; fileRef = F78143F521E726BD000F809D /* JenkinsDemoTests.m */; };
		F781440121E726BD000F809D /* JenkinsDemoUITests.m in Sources */ = {isa = PBXBuildFile; fileRef = F781440021E726BD000F809D /* JenkinsDemoUITests.m */; };
/* End PBXBuildFile section */

/* Begin PBXContainerItemProxy section */
		F78143F221E726BD000F809D /* PBXContainerItemProxy */ = {
			isa = PBXContainerItemProxy;
			containerPortal = F78143D121E726BC000F809D /* Project object */;
			proxyType = 1;
			remoteGlobalIDString = F78143D821E726BC000F809D;
			remoteInfo = JenkinsDemo;
		};
		F78143FD21E726BD000F809D /* PBXContainerItemProxy */ = {
			isa = PBXContainerItemProxy;
			containerPortal = F78143D121E726BC000F809D /* Project object */;
			proxyType = 1;
			remoteGlobalIDString = F78143D821E726BC000F809D;
			remoteInfo = JenkinsDemo;
		};
/* End PBXContainerItemProxy section */

/* Begin PBXFileReference section */
		3DB68AF131E9794EDBB195DB /* Pods-JenkinsDemo.release.xcconfig */ = {isa = PBXFileReference; includeInIndex = 1; lastKnownFileType = text.xcconfig; name = "Pods-JenkinsDemo.release.xcconfig"; path = "Pods/Target Support Files/Pods-JenkinsDemo/Pods-JenkinsDemo.release.xcconfig"; sourceTree = "<group>"; };
		952CB563D0557B79781E0037 /* Pods-JenkinsDemo.debug.xcconfig */ = {isa = PBXFileReference; includeInIndex = 1; lastKnownFileType = text.xcconfig; name = "Pods-JenkinsDemo.debug.xcconfig"; path = "Pods/Target Support Files/Pods-JenkinsDemo/Pods-JenkinsDemo.debug.xcconfig"; sourceTree = "<group>"; };
		EBCC0BE0668C58D8BFCF74B1 /* libPods-JenkinsDemo.a */ = {isa = PBXFileReference; explicitFileType = archive.ar; includeInIndex = 0; path = "libPods-JenkinsDemo.a"; sourceTree = BUILT_PRODUCTS_DIR; };
		F78143D921E726BC000F809D /* JenkinsDemo.app */ = {isa = PBXFileReference; explicitFileType = wrapper.application; includeInIndex = 0; path = JenkinsDemo.app; sourceTree = BUILT_PRODUCTS_DIR; };
		F78143DC21E726BC000F809D /* AppDelegate.h */ = {isa = PBXFileReference; lastKnownFileType = sourcecode.c.h; path = AppDelegate.h; sourceTree = "<group>"; };
		F78143DD21E726BC000F809D /* AppDelegate.m */ = {isa = PBXFileReference; lastKnownFileType = sourcecode.c.objc; path = AppDelegate.m; sourceTree = "<group>"; };
		F78143DF21E726BC000F809D /* ViewController.h */ = {isa = PBXFileReference; lastKnownFileType = sourcecode.c.h; path = ViewController.h; sourceTree = "<group>"; };
		F78143E021E726BC000F809D /* ViewController.m */ = {isa = PBXFileReference; lastKnownFileType = sourcecode.c.objc; path = ViewController.m; sourceTree = "<group>"; };
		F78143E321E726BC000F809D /* Base */ = {isa = PBXFileReference; lastKnownFileType = file.storyboard; name = Base; path = Base.lproj/Main.storyboard; sourceTree = "<group>"; };
		F78143E521E726BD000F809D /* Assets.xcassets */ = {isa = PBXFileReference; lastKnownFileType = folder.assetcatalog; path = Assets.xcassets; sourceTree = "<group>"; };
		F78143E821E726BD000F809D /* Base */ = {isa = PBXFileReference; lastKnownFileType = file.storyboard; name = Base; path = Base.lproj/LaunchScreen.storyboard; sourceTree = "<group>"; };
		F78143EA21E726BD000F809D /* Info.plist */ = {isa = PBXFileReference; lastKnownFileType = text.plist.xml; path = Info.plist; sourceTree = "<group>"; };
		F78143EB21E726BD000F809D /* main.m */ = {isa = PBXFileReference; lastKnownFileType = sourcecode.c.objc; path = main.m; sourceTree = "<group>"; };
		F78143F121E726BD000F809D /* JenkinsDemoTests.xctest */ = {isa = PBXFileReference; explicitFileType = wrapper.cfbundle; includeInIndex = 0; path = JenkinsDemoTests.xctest; sourceTree = BUILT_PRODUCTS_DIR; };
		F78143F521E726BD000F809D /* JenkinsDemoTests.m */ = {isa = PBXFileReference; lastKnownFileType = sourcecode.c.objc; path = JenkinsDemoTests.m; sourceTree = "<group>"; };
		F78143F721E726BD000F809D /* Info.plist */ = {isa = PBXFileReference; lastKnownFileType = text.plist.xml; path = Info.plist; sourceTree = "<group>"; };
		F78143FC21E726BD000F809D /* JenkinsDemoUITests.xctest */ = {isa = PBXFileReference; explicitFileType = wrapper.cfbundle; includeInIndex = 0; path = JenkinsDemoUITests.xctest; sourceTree = BUILT_PRODUCTS_DIR; };
		F781440021E726BD000F809D /* JenkinsDemoUITests.m */ = {isa = PBXFileReference; lastKnownFileType = sourcecode.c.objc; path = JenkinsDemoUITests.m; sourceTree = "<group>"; };
		F781440221E726BD000F809D /* Info.plist */ = {isa = PBXFileReference; lastKnownFileType = text.plist.xml; path = Info.plist; sourceTree = "<group>"; };
/* End PBXFileReference section */

/* Begin PBXFrameworksBuildPhase section */
		F78143D621E726BC000F809D /* Frameworks */ = {
			isa = PBXFrameworksBuildPhase;
			buildActionMask = 2147483647;
			files = (
				8AAD0F03503D25E7E150956B /* libPods-JenkinsDemo.a in Frameworks */,
			);
			runOnlyForDeploymentPostprocessing = 0;
		};
		F78143EE21E726BD000F809D /* Frameworks */ = {
			isa = PBXFrameworksBuildPhase;
			buildActionMask = 2147483647;
			files = (
			);
			runOnlyForDeploymentPostprocessing = 0;
		};
		F78143F921E726BD000F809D /* Frameworks */ = {
			isa = PBXFrameworksBuildPhase;
			buildActionMask = 2147483647;
			files = (
			);
			runOnlyForDeploymentPostprocessing = 0;
		};
/* End PBXFrameworksBuildPhase section */

/* Begin PBXGroup section */
		2F918129AB91804FCD15E84B /* Frameworks */ = {
			isa = PBXGroup;
			children = (
				EBCC0BE0668C58D8BFCF74B1 /* libPods-JenkinsDemo.a */,
			);
			name = Frameworks;
			sourceTree = "<group>";
		};
		F78143D021E726BC000F809D = {
			isa = PBXGroup;
			children = (
				F78143DB21E726BC000F809D /* JenkinsDemo */,
				F78143F421E726BD000F809D /* JenkinsDemoTests */,
				F78143FF21E726BD000F809D /* JenkinsDemoUITests */,
				F78143DA21E726BC000F809D /* Products */,
				FDC2258B4AB0925228A89952 /* Pods */,
				2F918129AB91804FCD15E84B /* Frameworks */,
			);
			sourceTree = "<group>";
		};
		F78143DA21E726BC000F809D /* Products */ = {
			isa = PBXGroup;
			children = (
				F78143D921E726BC000F809D /* JenkinsDemo.app */,
				F78143F121E726BD000F809D /* JenkinsDemoTests.xctest */,
				F78143FC21E726BD000F809D /* JenkinsDemoUITests.xctest */,
			);
			name = Products;
			sourceTree = "<group>";
		};
		F78143DB21E726BC000F809D /* JenkinsDemo */ = {
			isa = PBXGroup;
			children = (
				F78143DC21E726BC000F809D /* AppDelegate.h */,
				F78143DD21E726BC000F809D /* AppDelegate.m */,
				F78143DF21E726BC000F809D /* ViewController.h */,
				F78143E021E726BC000F809D /* ViewController.m */,
				F78143E221E726BC000F809D /* Main.storyboard */,
				F78143E521E726BD000F809D /* Assets.xcassets */,
				F78143E721E726BD000F809D /* LaunchScreen.storyboard */,
				F78143EA21E726BD000F809D /* Info.plist */,
				F78143EB21E726BD000F809D /* main.m */,
			);
			path = JenkinsDemo;
			sourceTree = "<group>";
		};
		F78143F421E726BD000F809D /* JenkinsDemoTests */ = {
			isa = PBXGroup;
			children = (
				F78143F521E726BD000F809D /* JenkinsDemoTests.m */,
				F78143F721E726BD000F809D /* Info.plist */,
			);
			path = JenkinsDemoTests;
			sourceTree = "<group>";
		};
		F78143FF21E726BD000F809D /* JenkinsDemoUITests */ = {
			isa = PBXGroup;
			children = (
				F781440021E726BD000F809D /* JenkinsDemoUITests.m */,
				F781440221E726BD000F809D /* Info.plist */,
			);
			path = JenkinsDemoUITests;
			sourceTree = "<group>";
		};
		FDC2258B4AB0925228A89952 /* Pods */ = {
			isa = PBXGroup;
			children = (
				952CB563D0557B79781E0037 /* Pods-JenkinsDemo.debug.xcconfig */,
				3DB68AF131E9794EDBB195DB /* Pods-JenkinsDemo.release.xcconfig */,
			);
			name = Pods;
			sourceTree = "<group>";
		};
/* End PBXGroup section */

/* Begin PBXNativeTarget section */
		F78143D821E726BC000F809D /* JenkinsDemo */ = {
			isa = PBXNativeTarget;
			buildConfigurationList = F781440521E726BD000F809D /* Build configuration list for PBXNativeTarget "JenkinsDemo" */;
			buildPhases = (
				59D41973CE6DB502639F220C /* [CP] Check Pods Manifest.lock */,
				F78143D521E726BC000F809D /* Sources */,
				F78143D621E726BC000F809D /* Frameworks */,
				F78143D721E726BC000F809D /* Resources */,
			);
			buildRules = (
			);
			dependencies = (
			);
			name = JenkinsDemo;
			productName = JenkinsDemo;
			productReference = F78143D921E726BC000F809D /* JenkinsDemo.app */;
			productType = "com.apple.product-type.application";
		};
		F78143F021E726BD000F809D /* JenkinsDemoTests */ = {
			isa = PBXNativeTarget;
			buildConfigurationList = F781440821E726BD000F809D /* Build configuration list for PBXNativeTarget "JenkinsDemoTests" */;
			buildPhases = (
				F78143ED21E726BD000F809D /* Sources */,
				F78143EE21E726BD000F809D /* Frameworks */,
				F78143EF21E726BD000F809D /* Resources */,
			);
			buildRules = (
			);
			dependencies = (
				F78143F321E726BD000F809D /* PBXTargetDependency */,
			);
			name = JenkinsDemoTests;
			productName = JenkinsDemoTests;
			productReference = F78143F121E726BD000F809D /* JenkinsDemoTests.xctest */;
			productType = "com.apple.product-type.bundle.unit-test";
		};
		F78143FB21E726BD000F809D /* JenkinsDemoUITests */ = {
			isa = PBXNativeTarget;
			buildConfigurationList = F781440B21E726BD000F809D /* Build configuration list for PBXNativeTarget "JenkinsDemoUITests" */;
			buildPhases = (
				F78143F821E726BD000F809D /* Sources */,
				F78143F921E726BD000F809D /* Frameworks */,
				F78143FA21E726BD000F809D /* Resources */,
			);
			buildRules = (
			);
			dependencies = (
				F78143FE21E726BD000F809D /* PBXTargetDependency */,
			);
			name = JenkinsDemoUITests;
			productName = JenkinsDemoUITests;
			productReference = F78143FC21E726BD000F809D /* JenkinsDemoUITests.xctest */;
			productType = "com.apple.product-type.bundle.ui-testing";
		};
/* End PBXNativeTarget section */

/* Begin PBXProject section */
		F78143D121E726BC000F809D /* Project object */ = {
			isa = PBXProject;
			attributes = {
				LastUpgradeCheck = 1010;
				ORGANIZATIONNAME = DengBin;
				TargetAttributes = {
					F78143D821E726BC000F809D = {
						CreatedOnToolsVersion = 10.1;
					};
					F78143F021E726BD000F809D = {
						CreatedOnToolsVersion = 10.1;
						TestTargetID = F78143D821E726BC000F809D;
					};
					F78143FB21E726BD000F809D = {
						CreatedOnToolsVersion = 10.1;
						TestTargetID = F78143D821E726BC000F809D;
					};
				};
			};
			buildConfigurationList = F78143D421E726BC000F809D /* Build configuration list for PBXProject "JenkinsDemo" */;
			compatibilityVersion = "Xcode 9.3";
			developmentRegion = en;
			hasScannedForEncodings = 0;
			knownRegions = (
				en,
				Base,
			);
			mainGroup = F78143D021E726BC000F809D;
			productRefGroup = F78143DA21E726BC000F809D /* Products */;
			projectDirPath = "";
			projectRoot = "";
			targets = (
				F78143D821E726BC000F809D /* JenkinsDemo */,
				F78143F021E726BD000F809D /* JenkinsDemoTests */,
				F78143FB21E726BD000F809D /* JenkinsDemoUITests */,
			);
		};
/* End PBXProject section */

/* Begin PBXResourcesBuildPhase section */
		F78143D721E726BC000F809D /* Resources */ = {
			isa = PBXResourcesBuildPhase;
			buildActionMask = 2147483647;
			files = (
				F78143E921E726BD000F809D /* LaunchScreen.storyboard in Resources */,
				F78143E621E726BD000F809D /* Assets.xcassets in Resources */,
				F78143E421E726BC000F809D /* Main.storyboard in Resources */,
			);
			runOnlyForDeploymentPostprocessing = 0;
		};
		F78143EF21E726BD000F809D /* Resources */ = {
			isa = PBXResourcesBuildPhase;
			buildActionMask = 2147483647;
			files = (
			);
			runOnlyForDeploymentPostprocessing = 0;
		};
		F78143FA21E726BD000F809D /* Resources */ = {
			isa = PBXResourcesBuildPhase;
			buildActionMask = 2147483647;
			files = (
			);
			runOnlyForDeploymentPostprocessing = 0;
		};
/* End PBXResourcesBuildPhase section */

/* Begin PBXShellScriptBuildPhase section */
		59D41973CE6DB502639F220C /* [CP] Check Pods Manifest.lock */ = {
			isa = PBXShellScriptBuildPhase;
			buildActionMask = 2147483647;
			files = (
			);
			inputFileListPaths = (
			);
			inputPaths = (
				"${PODS_PODFILE_DIR_PATH}/Podfile.lock",
				"${PODS_ROOT}/Manifest.lock",
			);
			name = "[CP] Check Pods Manifest.lock";
			outputFileListPaths = (
			);
			outputPaths = (
				"$(DERIVED_FILE_DIR)/Pods-JenkinsDemo-checkManifestLockResult.txt",
			);
			runOnlyForDeploymentPostprocessing = 0;
			shellPath = /bin/sh;
			shellScript = "diff \"${PODS_PODFILE_DIR_PATH}/Podfile.lock\" \"${PODS_ROOT}/Manifest.lock\" > /dev/null\nif [ $? != 0 ] ; then\n    # print error to STDERR\n    echo \"error: The sandbox is not in sync with the Podfile.lock. Run 'pod install' or update your CocoaPods installation.\" >&2\n    exit 1\nfi\n# This output is used by Xcode 'outputs' to avoid re-running this script phase.\necho \"SUCCESS\" > \"${SCRIPT_OUTPUT_FILE_0}\"\n";
			showEnvVarsInLog = 0;
		};
/* End PBXShellScriptBuildPhase section */

/* Begin PBXSourcesBuildPhase section */
		F78143D521E726BC000F809D /* Sources */ = {
			isa = PBXSourcesBuildPhase;
			buildActionMask = 2147483647;
			files = (
				F78143E121E726BC000F809D /* ViewController.m in Sources */,
				F78143EC21E726BD000F809D /* main.m in Sources */,
				F78143DE21E726BC000F809D /* AppDelegate.m in Sources */,
			);
			runOnlyForDeploymentPostprocessing = 0;
		};
		F78143ED21E726BD000F809D /* Sources */ = {
			isa = PBXSourcesBuildPhase;
			buildActionMask = 2147483647;
			files = (
				F78143F621E726BD000F809D /* JenkinsDemoTests.m in Sources */,
			);
			runOnlyForDeploymentPostprocessing = 0;
		};
		F78143F821E726BD000F809D /* Sources */ = {
			isa = PBXSourcesBuildPhase;
			buildActionMask = 2147483647;
			files = (
				F781440121E726BD000F809D /* JenkinsDemoUITests.m in Sources */,
			);
			runOnlyForDeploymentPostprocessing = 0;
		};
/* End PBXSourcesBuildPhase section */

/* Begin PBXTargetDependency section */
		F78143F321E726BD000F809D /* PBXTargetDependency */ = {
			isa = PBXTargetDependency;
			target = F78143D821E726BC000F809D /* JenkinsDemo */;
			targetProxy = F78143F221E726BD000F809D /* PBXContainerItemProxy */;
		};
		F78143FE21E726BD000F809D /* PBXTargetDependency */ = {
			isa = PBXTargetDependency;
			target = F78143D821E726BC000F809D /* JenkinsDemo */;
			targetProxy = F78143FD21E726BD000F809D /* PBXContainerItemProxy */;
		};
/* End PBXTargetDependency section */

/* Begin PBXVariantGroup section */
		F78143E221E726BC000F809D /* Main.storyboard */ = {
			isa = PBXVariantGroup;
			children = (
				F78143E321E726BC000F809D /* Base */,
			);
			name = Main.storyboard;
			sourceTree = "<group>";
		};
		F78143E721E726BD000F809D /* LaunchScreen.storyboard */ = {
			isa = PBXVariantGroup;
			children = (
				F78143E821E726BD000F809D /* Base */,
			);
			name = LaunchScreen.storyboard;
			sourceTree = "<group>";
		};
/* End PBXVariantGroup section */

/* Begin XCBuildConfiguration section */
		F781440321E726BD000F809D /* Debug */ = {
			isa = XCBuildConfiguration;
			buildSettings = {
				ALWAYS_SEARCH_USER_PATHS = NO;
				CLANG_ANALYZER_NONNULL = YES;
				CLANG_ANALYZER_NUMBER_OBJECT_CONVERSION = YES_AGGRESSIVE;
				CLANG_CXX_LANGUAGE_STANDARD = "gnu++14";
				CLANG_CXX_LIBRARY = "libc++";
				CLANG_ENABLE_MODULES = YES;
				CLANG_ENABLE_OBJC_ARC = YES;
				CLANG_ENABLE_OBJC_WEAK = YES;
				CLANG_WARN_BLOCK_CAPTURE_AUTORELEASING = YES;
				CLANG_WARN_BOOL_CONVERSION = YES;
				CLANG_WARN_COMMA = YES;
				CLANG_WARN_CONSTANT_CONVERSION = YES;
				CLANG_WARN_DEPRECATED_OBJC_IMPLEMENTATIONS = YES;
				CLANG_WARN_DIRECT_OBJC_ISA_USAGE = YES_ERROR;
				CLANG_WARN_DOCUMENTATION_COMMENTS = YES;
				CLANG_WARN_EMPTY_BODY = YES;
				CLANG_WARN_ENUM_CONVERSION = YES;
				CLANG_WARN_INFINITE_RECURSION = YES;
				CLANG_WARN_INT_CONVERSION = YES;
				CLANG_WARN_NON_LITERAL_NULL_CONVERSION = YES;
				CLANG_WARN_OBJC_IMPLICIT_RETAIN_SELF = YES;
				CLANG_WARN_OBJC_LITERAL_CONVERSION = YES;
				CLANG_WARN_OBJC_ROOT_CLASS = YES_ERROR;
				CLANG_WARN_RANGE_LOOP_ANALYSIS = YES;
				CLANG_WARN_STRICT_PROTOTYPES = YES;
				CLANG_WARN_SUSPICIOUS_MOVE = YES;
				CLANG_WARN_UNGUARDED_AVAILABILITY = YES_AGGRESSIVE;
				CLANG_WARN_UNREACHABLE_CODE = YES;
				CLANG_WARN__DUPLICATE_METHOD_MATCH = YES;
				CODE_SIGN_IDENTITY = "iPhone Developer";
				COPY_PHASE_STRIP = NO;
				DEBUG_INFORMATION_FORMAT = dwarf;
				ENABLE_STRICT_OBJC_MSGSEND = YES;
				ENABLE_TESTABILITY = YES;
				GCC_C_LANGUAGE_STANDARD = gnu11;
				GCC_DYNAMIC_NO_PIC = NO;
				GCC_NO_COMMON_BLOCKS = YES;
				GCC_OPTIMIZATION_LEVEL = 0;
				GCC_PREPROCESSOR_DEFINITIONS = (
					"DEBUG=1",
					"$(inherited)",
				);
				GCC_WARN_64_TO_32_BIT_CONVERSION = YES;
				GCC_WARN_ABOUT_RETURN_TYPE = YES_ERROR;
				GCC_WARN_UNDECLARED_SELECTOR = YES;
				GCC_WARN_UNINITIALIZED_AUTOS = YES_AGGRESSIVE;
				GCC_WARN_UNUSED_FUNCTION = YES;
				GCC_WARN_UNUSED_VARIABLE = YES;
				IPHONEOS_DEPLOYMENT_TARGET = 12.1;
				MTL_ENABLE_DEBUG_INFO = INCLUDE_SOURCE;
				MTL_FAST_MATH = YES;
				ONLY_ACTIVE_ARCH = YES;
				SDKROOT = iphoneos;
			};
			name = Debug;
		};
		F781440421E726BD000F809D /* Release */ = {
			isa = XCBuildConfiguration;
			buildSettings = {
				ALWAYS_SEARCH_USER_PATHS = NO;
				CLANG_ANALYZER_NONNULL = YES;
				CLANG_ANALYZER_NUMBER_OBJECT_CONVERSION = YES_AGGRESSIVE;
				CLANG_CXX_LANGUAGE_STANDARD = "gnu++14";
				CLANG_CXX_LIBRARY = "libc++";
				CLANG_ENABLE_MODULES = YES;
				CLANG_ENABLE_OBJC_ARC = YES;
				CLANG_ENABLE_OBJC_WEAK = YES;
				CLANG_WARN_BLOCK_CAPTURE_AUTORELEASING = YES;
				CLANG_WARN_BOOL_CONVERSION = YES;
				CLANG_WARN_COMMA = YES;
				CLANG_WARN_CONSTANT_CONVERSION = YES;
				CLANG_WARN_DEPRECATED_OBJC_IMPLEMENTATIONS = YES;
				CLANG_WARN_DIRECT_OBJC_ISA_USAGE = YES_ERROR;
				CLANG_WARN_DOCUMENTATION_COMMENTS = YES;
				CLANG_WARN_EMPTY_BODY = YES;
				CLANG_WARN_ENUM_CONVERSION = YES;
				CLANG_WARN_INFINITE_RECURSION = YES;
				CLANG_WARN_INT_CONVERSION = YES;
				CLANG_WARN_NON_LITERAL_NULL_CONVERSION = YES;
				CLANG_WARN_OBJC_IMPLICIT_RETAIN_SELF = YES;
				CLANG_WARN_OBJC_LITERAL_CONVERSION = YES;
				CLANG_WARN_OBJC_ROOT_CLASS = YES_ERROR;
				CLANG_WARN_RANGE_LOOP_ANALYSIS = YES;
				CLANG_WARN_STRICT_PROTOTYPES = YES;
				CLANG_WARN_SUSPICIOUS_MOVE = YES;
				CLANG_WARN_UNGUARDED_AVAILABILITY = YES_AGGRESSIVE;
				CLANG_WARN_UNREACHABLE_CODE = YES;
				CLANG_WARN__DUPLICATE_METHOD_MATCH = YES;
				CODE_SIGN_IDENTITY = "iPhone Developer";
				COPY_PHASE_STRIP = NO;
				DEBUG_INFORMATION_FORMAT = "dwarf-with-dsym";
				ENABLE_NS_ASSERTIONS = NO;
				ENABLE_STRICT_OBJC_MSGSEND = YES;
				GCC_C_LANGUAGE_STANDARD = gnu11;
				GCC_NO_COMMON_BLOCKS = YES;
				GCC_WARN_64_TO_32_BIT_CONVERSION = YES;
				GCC_WARN_ABOUT_RETURN_TYPE = YES_ERROR;
				GCC_WARN_UNDECLARED_SELECTOR = YES;
				GCC_WARN_UNINITIALIZED_AUTOS = YES_AGGRESSIVE;
				GCC_WARN_UNUSED_FUNCTION = YES;
				GCC_WARN_UNUSED_VARIABLE = YES;
				IPHONEOS_DEPLOYMENT_TARGET = 12.1;
				MTL_ENABLE_DEBUG_INFO = NO;
				MTL_FAST_MATH = YES;
				SDKROOT = iphoneos;
				VALIDATE_PRODUCT = YES;
			};
			name = Release;
		};
		F781440621E726BD000F809D /* Debug */ = {
			isa = XCBuildConfiguration;
			baseConfigurationReference = 952CB563D0557B79781E0037 /* Pods-JenkinsDemo.debug.xcconfig */;
			buildSettings = {
				ASSETCATALOG_COMPILER_APPICON_NAME = AppIcon;
				CODE_SIGN_STYLE = Automatic;
				DEVELOPMENT_TEAM = 964D79QAEG;
				INFOPLIST_FILE = JenkinsDemo/Info.plist;
				LD_RUNPATH_SEARCH_PATHS = (
					"$(inherited)",
					"@executable_path/Frameworks",
				);
				PRODUCT_BUNDLE_IDENTIFIER = com.dengbin.JenkinsDemo;
				PRODUCT_NAME = "$(TARGET_NAME)";
				TARGETED_DEVICE_FAMILY = "1,2";
			};
			name = Debug;
		};
		F781440721E726BD000F809D /* Release */ = {
			isa = XCBuildConfiguration;
			baseConfigurationReference = 3DB68AF131E9794EDBB195DB /* Pods-JenkinsDemo.release.xcconfig */;
			buildSettings = {
				ASSETCATALOG_COMPILER_APPICON_NAME = AppIcon;
				CODE_SIGN_STYLE = Automatic;
				DEVELOPMENT_TEAM = 964D79QAEG;
				INFOPLIST_FILE = JenkinsDemo/Info.plist;
				LD_RUNPATH_SEARCH_PATHS = (
					"$(inherited)",
					"@executable_path/Frameworks",
				);
				PRODUCT_BUNDLE_IDENTIFIER = com.dengbin.JenkinsDemo;
				PRODUCT_NAME = "$(TARGET_NAME)";
				TARGETED_DEVICE_FAMILY = "1,2";
			};
			name = Release;
		};
		F781440921E726BD000F809D /* Debug */ = {
			isa = XCBuildConfiguration;
			buildSettings = {
				BUNDLE_LOADER = "$(TEST_HOST)";
				CODE_SIGN_STYLE = Automatic;
				DEVELOPMENT_TEAM = 964D79QAEG;
				INFOPLIST_FILE = JenkinsDemoTests/Info.plist;
				LD_RUNPATH_SEARCH_PATHS = (
					"$(inherited)",
					"@executable_path/Frameworks",
					"@loader_path/Frameworks",
				);
				PRODUCT_BUNDLE_IDENTIFIER = com.dengbin.JenkinsDemoTests;
				PRODUCT_NAME = "$(TARGET_NAME)";
				TARGETED_DEVICE_FAMILY = "1,2";
				TEST_HOST = "$(BUILT_PRODUCTS_DIR)/JenkinsDemo.app/JenkinsDemo";
			};
			name = Debug;
		};
		F781440A21E726BD000F809D /* Release */ = {
			isa = XCBuildConfiguration;
			buildSettings = {
				BUNDLE_LOADER = "$(TEST_HOST)";
				CODE_SIGN_STYLE = Automatic;
				DEVELOPMENT_TEAM = 964D79QAEG;
				INFOPLIST_FILE = JenkinsDemoTests/Info.plist;
				LD_RUNPATH_SEARCH_PATHS = (
					"$(inherited)",
					"@executable_path/Frameworks",
					"@loader_path/Frameworks",
				);
				PRODUCT_BUNDLE_IDENTIFIER = com.dengbin.JenkinsDemoTests;
				PRODUCT_NAME = "$(TARGET_NAME)";
				TARGETED_DEVICE_FAMILY = "1,2";
				TEST_HOST = "$(BUILT_PRODUCTS_DIR)/JenkinsDemo.app/JenkinsDemo";
			};
			name = Release;
		};
		F781440C21E726BD000F809D /* Debug */ = {
			isa = XCBuildConfiguration;
			buildSettings = {
				CODE_SIGN_STYLE = Automatic;
				DEVELOPMENT_TEAM = 964D79QAEG;
				INFOPLIST_FILE = JenkinsDemoUITests/Info.plist;
				LD_RUNPATH_SEARCH_PATHS = (
					"$(inherited)",
					"@executable_path/Frameworks",
					"@loader_path/Frameworks",
				);
				PRODUCT_BUNDLE_IDENTIFIER = com.dengbin.JenkinsDemoUITests;
				PRODUCT_NAME = "$(TARGET_NAME)";
				TARGETED_DEVICE_FAMILY = "1,2";
				TEST_TARGET_NAME = JenkinsDemo;
			};
			name = Debug;
		};
		F781440D21E726BD000F809D /* Release */ = {
			isa = XCBuildConfiguration;
			buildSettings = {
				CODE_SIGN_STYLE = Automatic;
				DEVELOPMENT_TEAM = 964D79QAEG;
				INFOPLIST_FILE = JenkinsDemoUITests/Info.plist;
				LD_RUNPATH_SEARCH_PATHS = (
					"$(inherited)",
					"@executable_path/Frameworks",
					"@loader_path/Frameworks",
				);
				PRODUCT_BUNDLE_IDENTIFIER = com.dengbin.JenkinsDemoUITests;
				PRODUCT_NAME = "$(TARGET_NAME)";
				TARGETED_DEVICE_FAMILY = "1,2";
				TEST_TARGET_NAME = JenkinsDemo;
			};
			name = Release;
		};
/* End XCBuildConfiguration section */

/* Begin XCConfigurationList section */
		F78143D421E726BC000F809D /* Build configuration list for PBXProject "JenkinsDemo" */ = {
			isa = XCConfigurationList;
			buildConfigurations = (
				F781440321E726BD000F809D /* Debug */,
				F781440421E726BD000F809D /* Release */,
			);
			defaultConfigurationIsVisible = 0;
			defaultConfigurationName = Release;
		};
		F781440521E726BD000F809D /* Build configuration list for PBXNativeTarget "JenkinsDemo" */ = {
			isa = XCConfigurationList;
			buildConfigurations = (
				F781440621E726BD000F809D /* Debug */,
				F781440721E726BD000F809D /* Release */,
			);
			defaultConfigurationIsVisible = 0;
			defaultConfigurationName = Release;
		};
		F781440821E726BD000F809D /* Build configuration list for PBXNativeTarget "JenkinsDemoTests" */ = {
			isa = XCConfigurationList;
			buildConfigurations = (
				F781440921E726BD000F809D /* Debug */,
				F781440A21E726BD000F809D /* Release */,
			);
			defaultConfigurationIsVisible = 0;
			defaultConfigurationName = Release;
		};
		F781440B21E726BD000F809D /* Build configuration list for PBXNativeTarget "JenkinsDemoUITests" */ = {
			isa = XCConfigurationList;
			buildConfigurations = (
				F781440C21E726BD000F809D /* Debug */,
				F781440D21E726BD000F809D /* Release */,
			);
			defaultConfigurationIsVisible = 0;
			defaultConfigurationName = Release;
		};
/* End XCConfigurationList section */
	};
	rootObject = F78143D121E726BC000F809D /* Project object */;
}
